
Microsoft Visual Studio Solution File, Format Version 12.00
# Visual Studio 15
VisualStudioVersion = 15.0.26124.0
MinimumVisualStudioVersion = 15.0.26124.0
Project("{FAE04EC0-301F-11D3-BF4B-00C04F79EFBC}") = "ToolBox", "ToolBox\ToolBox.csproj", "{2C3DB797-EEDA-44B1-8E08-6B0DB81E9A15}"
EndProject
Project("{FAE04EC0-301F-11D3-BF4B-00C04F79EFBC}") = "ToolBox.Tests", "ToolBox.Tests\ToolBox.Tests.csproj", "{F5353098-BCC1-46C7-8858-0A704EF742CB}"
EndProject
Global
	GlobalSection(SolutionConfigurationPlatforms) = preSolution
		Debug|Any CPU = Debug|Any CPU
		Debug|x64 = Debug|x64
		Debug|x86 = Debug|x86
		Release|Any CPU = Release|Any CPU
		Release|x64 = Release|x64
		Release|x86 = Release|x86
	EndGlobalSection
	GlobalSection(SolutionProperties) = preSolution
		HideSolutionNode = FALSE
	EndGlobalSection
	GlobalSection(ProjectConfigurationPlatforms) = postSolution
		{2C3DB797-EEDA-44B1-8E08-6B0DB81E9A15}.Debug|Any CPU.ActiveCfg = Debug|Any CPU
		{2C3DB797-EEDA-44B1-8E08-6B0DB81E9A15}.Debug|Any CPU.Build.0 = Debug|Any CPU
		{2C3DB797-EEDA-44B1-8E08-6B0DB81E9A15}.Debug|x64.ActiveCfg = Debug|x64
		{2C3DB797-EEDA-44B1-8E08-6B0DB81E9A15}.Debug|x64.Build.0 = Debug|x64
		{2C3DB797-EEDA-44B1-8E08-6B0DB81E9A15}.Debug|x86.ActiveCfg = Debug|x86
		{2C3DB797-EEDA-44B1-8E08-6B0DB81E9A15}.Debug|x86.Build.0 = Debug|x86
		{2C3DB797-EEDA-44B1-8E08-6B0DB81E9A15}.Release|Any CPU.ActiveCfg = Release|Any CPU
		{2C3DB797-EEDA-44B1-8E08-6B0DB81E9A15}.Release|Any CPU.Build.0 = Release|Any CPU
		{2C3DB797-EEDA-44B1-8E08-6B0DB81E9A15}.Release|x64.ActiveCfg = Release|x64
		{2C3DB797-EEDA-44B1-8E08-6B0DB81E9A15}.Release|x64.Build.0 = Release|x64
		{2C3DB797-EEDA-44B1-8E08-6B0DB81E9A15}.Release|x86.ActiveCfg = Release|x86
		{2C3DB797-EEDA-44B1-8E08-6B0DB81E9A15}.Release|x86.Build.0 = Release|x86
		{85AECCFC-925F-41D9-829A-B68A9C4AA93D}.Debug|Any CPU.ActiveCfg = Debug|Any CPU
		{85AECCFC-925F-41D9-829A-B68A9C4AA93D}.Debug|Any CPU.Build.0 = Debug|Any CPU
		{85AECCFC-925F-41D9-829A-B68A9C4AA93D}.Debug|x64.ActiveCfg = Debug|x64
		{85AECCFC-925F-41D9-829A-B68A9C4AA93D}.Debug|x64.Build.0 = Debug|x64
		{85AECCFC-925F-41D9-829A-B68A9C4AA93D}.Debug|x86.ActiveCfg = Debug|x86
		{85AECCFC-925F-41D9-829A-B68A9C4AA93D}.Debug|x86.Build.0 = Debug|x86
		{85AECCFC-925F-41D9-829A-B68A9C4AA93D}.Release|Any CPU.ActiveCfg = Release|Any CPU
		{85AECCFC-925F-41D9-829A-B68A9C4AA93D}.Release|Any CPU.Build.0 = Release|Any CPU
		{85AECCFC-925F-41D9-829A-B68A9C4AA93D}.Release|x64.ActiveCfg = Release|x64
		{85AECCFC-925F-41D9-829A-B68A9C4AA93D}.Release|x64.Build.0 = Release|x64
		{85AECCFC-925F-41D9-829A-B68A9C4AA93D}.Release|x86.ActiveCfg = Release|x86
		{85AECCFC-925F-41D9-829A-B68A9C4AA93D}.Release|x86.Build.0 = Release|x86
		{F5353098-BCC1-46C7-8858-0A704EF742CB}.Debug|Any CPU.ActiveCfg = Debug|Any CPU
		{F5353098-BCC1-46C7-8858-0A704EF742CB}.Debug|Any CPU.Build.0 = Debug|Any CPU
		{F5353098-BCC1-46C7-8858-0A704EF742CB}.Debug|x64.ActiveCfg = Debug|x64
		{F5353098-BCC1-46C7-8858-0A704EF742CB}.Debug|x64.Build.0 = Debug|x64
		{F5353098-BCC1-46C7-8858-0A704EF742CB}.Debug|x86.ActiveCfg = Debug|x86
		{F5353098-BCC1-46C7-8858-0A704EF742CB}.Debug|x86.Build.0 = Debug|x86
		{F5353098-BCC1-46C7-8858-0A704EF742CB}.Release|Any CPU.ActiveCfg = Release|Any CPU
		{F5353098-BCC1-46C7-8858-0A704EF742CB}.Release|Any CPU.Build.0 = Release|Any CPU
		{F5353098-BCC1-46C7-8858-0A704EF742CB}.Release|x64.ActiveCfg = Release|x64
		{F5353098-BCC1-46C7-8858-0A704EF742CB}.Release|x64.Build.0 = Release|x64
		{F5353098-BCC1-46C7-8858-0A704EF742CB}.Release|x86.ActiveCfg = Release|x86
		{F5353098-BCC1-46C7-8858-0A704EF742CB}.Release|x86.Build.0 = Release|x86
	EndGlobalSection
EndGlobal
